
Microsoft Visual Studio Solution File, Format Version 12.00
# Visual Studio Version 17
VisualStudioVersion = 17.14.36212.18 d17.14
MinimumVisualStudioVersion = 10.0.40219.1
Project("{FAE04EC0-301F-11D3-BF4B-00C04F79EFBC}") = "Simple_Banking", "Simple_Banking\Simple_Banking.csproj", "{AD786D82-3474-4DD7-946B-614ADEED7EF5}"
EndProject
Global
	GlobalSection(SolutionConfigurationPlatforms) = preSolution
		Debug|Any CPU = Debug|Any CPU
		Release|Any CPU = Release|Any CPU
	EndGlobalSection
	GlobalSection(ProjectConfigurationPlatforms) = postSolution
		{AD786D82-3474-4DD7-946B-614ADEED7EF5}.Debug|Any CPU.ActiveCfg = Debug|Any CPU
		{AD786D82-3474-4DD7-946B-614ADEED7EF5}.Debug|Any CPU.Build.0 = Debug|Any CPU
		{AD786D82-3474-4DD7-946B-614ADEED7EF5}.Release|Any CPU.ActiveCfg = Release|Any CPU
		{AD786D82-3474-4DD7-946B-614ADEED7EF5}.Release|Any CPU.Build.0 = Release|Any CPU
	EndGlobalSection
	GlobalSection(SolutionProperties) = preSolution
		HideSolutionNode = FALSE
	EndGlobalSection
	GlobalSection(ExtensibilityGlobals) = postSolution
		SolutionGuid = {D35F4898-C926-439F-8905-9E94E8FAA0FC}
	EndGlobalSection
EndGlobal
